<?xml version="1.0" encoding="UTF-8" standalone="yes"?>
<CodeBlocks_project_file>
<FileVersion major="1" minor="6" />
<Project>
<Option title="AC792N_DEMO_DEMO_AUDIO" />
<Option compiler="pi32v2_r3_empty_compiler" />
<Build>
<Target title="Release">
<Option output="../../../../../cpu/wl83/tools/sdk.elf" prefix_auto="0" extension_auto="0" />
<Option object_output="obj/Release/" />
<Option type="1" />
<Option compiler="pi32v2_r3_empty_compiler" />
<Compiler>
<Add option="-Wuninitialized" />
<Add option="-Wno-invalid-noreturn" />
<Add option="-fno-common" />
<Add option="-integrated-as" />
<Add option="-Oz" />
<Add option="-g" />
<Add option="-flto" />
<Add option="-fallow-pointer-null" />
<Add option="-fprefer-gnu-section" />
<Add option="-femulated-tls" />
<Add option="-Wno-shift-negative-value" />
<Add option="-Wframe-larger-than=2560" />
<Add option="-mllvm -pi32v2-large-program=true" />
<Add option="-fms-extensions" />
<Add option="-DSUPPORT_MS_EXTENSIONS" />
<Add option="-w" />
<Add option="-DCONFIG_RELEASE_ENABLE" />
<Add option="-DCONFIG_CPU_WL83" />
<Add option="-DMAX_AUDIO_ADC_CHANNEL_NUM=2" />
<Add option="-DCONFIG_UCOS_ENABLE" />
<Add option="-DCONFIG_THREAD_ENABLE" />
<Add option="-D__GCC_PI32V2__" />
<Add option="-DCONFIG_NEW_ECC_ENABLE" />
<Add option="-DCONFIG_DEMO_AUDIO_PROJECT_ENABLE" />
<Add option="-DVM_MAX_PAGE_ALIGN_SIZE_CONFIG=64*1024" />
<Add option="-DVM_MAX_SECTOR_ALIGN_SIZE_CONFIG=64*1024" />
<Add option="-DVM_ITEM_MAX_NUM=256" />
<Add directory="../../../../../include_lib/c++" />
<Add directory="../../../../../include_lib/c++/include" />
<Add directory="../../../../../include_lib/newlib/include" />
<Add directory="../../../../../include_lib/c++/simple_pthread" />
<Add directory="../../../../../include_lib" />
<Add directory="../../../../../include_lib/driver" />
<Add directory="../../../../../include_lib/driver/device" />
<Add directory="../../../../../include_lib/driver/cpu/wl83" />
<Add directory="../../../../../include_lib/system" />
<Add directory="../../../../../include_lib/system/generic" />
<Add directory="../../../../../include_lib/btctrler" />
<Add directory="../../../../../include_lib/btctrler/port/wl83" />
<Add directory="../../../../../include_lib/update" />
<Add directory="../../../../../include_lib/btstack/third_party/common" />
<Add directory="../../../../../include_lib/btstack/third_party/rcsp" />
<Add directory="../../../../../include_lib/utils" />
<Add directory="../../../../../include_lib/utils/syscfg" />
<Add directory="../../../../../include_lib/utils/event" />
<Add directory="../../../../../apps" />
<Add directory="../../../../../apps/demo/demo_audio" />
<Add directory="../../../../../apps/demo/demo_audio/include" />
<Add directory="../../../../../apps/demo/demo_audio/board/wl83" />
<Add directory="../../../../../apps/common" />
<Add directory="../../../../../apps/common/include" />
<Add directory="../../../../../apps/common/config/include" />
<Add directory="../../../../../apps/common/system/perf_counter" />
<Add directory="../../../../../include_lib/server" />
<Add directory="../../../../../include_lib/server/media" />
<Add directory="../../../../../include_lib/net" />
<Add directory="../../../../../include_lib/net/wifi_module" />
<Add directory="../../../../../include_lib/net/lwip_2_2_0/lwip/src/include" />
<Add directory="../../../../../include_lib/net/lwip_2_2_0/lwip/src/include/lwip" />
<Add directory="../../../../../include_lib/net/lwip_2_2_0/lwip/port" />
<Add directory="../../../../../include_lib/net/lwip_2_2_0/lwip/app" />
<Add directory="../../../../../include_lib/net/lwip_2_2_0/lwip/app/ctp" />
<Add directory="../../../../../include_lib/net/lwip_2_2_0/lwip/app/cdp" />
<Add directory="../../../../../apps/common/net" />
<Add directory="../../../../../apps/common/net/testbox/include" />
<Add directory="../../../../../apps/common/usb" />
<Add directory="../../../../../apps/common/usb/device" />
<Add directory="../../../../../apps/common/usb/host" />
<Add directory="../../../../../apps/common/usb/include/host" />
<Add directory="../../../../../apps/common/usb/include" />
<Add directory="../../../../../include_lib/driver/device/usb" />
<Add directory="../../../../../include_lib/driver/device/usb/device" />
<Add directory="../../../../../include_lib/driver/device/usb/host" />
</Compiler>
<Linker>
<Add option="--plugin-opt=-pi32v2-always-use-itblock=false" />
<Add option="--plugin-opt=-enable-ipra=true" />
<Add option="--plugin-opt=-pi32v2-merge-max-offset=4096" />
<Add option="--plugin-opt=-pi32v2-enable-simd=true" />
<Add option="--plugin-opt=mcpu=r3" />
<Add option="--plugin-opt=-global-merge-on-const" />
<Add option="--plugin-opt=-inline-threshold=5" />
<Add option="--plugin-opt=-inline-max-allocated-size=32" />
<Add option="--plugin-opt=-inline-normal-into-special-section=true" />
<Add option="--plugin-opt=-dont-used-symbol-list=malloc,free,sprintf,printf,puts,putchar" />
<Add option="--plugin-opt=save-temps" />
<Add option="--plugin-opt=-pi32v2-enable-rep-memop" />
<Add option="--plugin-opt=-emulated-tls" />
<Add option="--sort-common" />
<Add option="--plugin-opt=-used-symbol-file=../../../../../cpu/wl83/sdk_used_list.used" />
<Add option="--plugin-opt=-enable-movable-region=true" />
<Add option="--plugin-opt=-movable-region-section-prefix=.movable.slot." />
<Add option="--plugin-opt=-movable-region-stub-section-prefix=.movable.stub." />
<Add option="--plugin-opt=-movable-region-prefix=.movable.region." />
<Add option="--plugin-opt=-movable-region-stub-prefix=__movable_stub_" />
<Add option="--plugin-opt=-movable-region-stub-swi-number=-2" />
<Add option="--plugin-opt=-movable-region-map-file-list=../../../../../apps/common/movable/funcname.txt" />
<Add option="--plugin-opt=-movable-region-section-map-file-list=../../../../../apps/common/movable/section.txt" />
<Add option="--plugin-opt=-movable-region-exclude-func-file-list=../../../../../apps/common/movable/exclude.txt" />
<Add option="--plugin-opt=-pi32v2-large-program=true" />
<Add option="--plugin-opt=-pi32v2-csync-before-rti=true" />
<Add option="--start-group" />
<Add option="--start-group " />
<Add option="../../../../../cpu/wl83/liba/fs.a" />
<Add option="../../../../../cpu/wl83/liba/event.a" />
<Add option="../../../../../cpu/wl83/liba/system.a" />
<Add option="../../../../../cpu/wl83/liba/cfg_tool.a" />
<Add option="../../../../../cpu/wl83/liba/cpu.a" />
<Add option="../../../../../cpu/wl83/liba/update.a" />
<Add option="../../../../../cpu/wl83/liba/common_lib.a" />
<Add option="../../../../../cpu/wl83/liba/audio_server.a" />
<Add option="../../../../../cpu/wl83/liba/echo_server.a" />
<Add option="../../../../../cpu/wl83/liba/libspeex.a" />
<Add option="../../../../../cpu/wl83/liba/libvad.a" />
<Add option="../../../../../cpu/wl83/liba/lib_aac_enc.a" />
<Add option="../../../../../cpu/wl83/liba/lib_m4a_dec.a" />
<Add option="../../../../../cpu/wl83/liba/lib_mp3_dec.a" />
<Add option="../../../../../cpu/wl83/liba/lib_mp3_enc.a" />
<Add option="../../../../../cpu/wl83/liba/lib_opus_enc.a" />
<Add option="../../../../../cpu/wl83/liba/lib_ogg_opus_dec.a" />
<Add option="../../../../../cpu/wl83/liba/lib_wma_dec.a" />
<Add option="../../../../../cpu/wl83/liba/lib_ape_dec.a" />
<Add option="../../../../../cpu/wl83/liba/lib_flac_dec.a" />
<Add option="../../../../../cpu/wl83/liba/lib_wav_dec.a" />
<Add option="../../../../../cpu/wl83/liba/lib_dts_dec.a" />
<Add option="../../../../../cpu/wl83/liba/lib_amr_dec.a" />
<Add option="../../../../../cpu/wl83/liba/lib_amr_enc.a" />
<Add option="../../../../../cpu/wl83/liba/lib_amrwb_enc.a" />
<Add option="../../../../../cpu/wl83/liba/lib_adpcm_enc.a" />
<Add option="../../../../../cpu/wl83/liba/lib_pitchshifter.a" />
<Add option="../../../../../cpu/wl83/liba/lib_rmono2stereo.a" />
<Add option="../../../../../cpu/wl83/liba/lib_reverb_cal.a" />
<Add option="../../../../../cpu/wl83/liba/lib_howling.a" />
<Add option="../../../../../cpu/wl83/liba/lib_pitch_speed.a" />
<Add option="../../../../../cpu/wl83/liba/lib_virtual_bass.a" />
<Add option="../../../../../cpu/wl83/liba/libaec.a" />
<Add option="../../../../../cpu/wl83/liba/lib_dvad.a" />
<Add option="../../../../../cpu/wl83/liba/libdns.a" />
<Add option="../../../../../cpu/wl83/liba/libjlsp.a" />
<Add option="../../../../../cpu/wl83/liba/libjlsp_kws_far_keyword.a" />
<Add option="../../../../../cpu/wl83/liba/libjlsp_kws_common.a" />
<Add option="../../../../../cpu/wl83/liba/lib_usb_syn.a" />
<Add option="../../../../../cpu/wl83/liba/libaisp_single.a" />
<Add option="../../../../../cpu/wl83/liba/libauth_aisp.a" />
<Add option="../../../../../cpu/wl83/liba/libauth.a" />
<Add option="../../../../../cpu/wl83/liba/aisIntlib_single_xiaoai.a" />
<Add option="../../../../../cpu/wl83/liba/jla_codec_lib.a" />
<Add option="../../../../../cpu/wl83/liba/lib_spectrum_show.a" />
<Add option="../../../../../cpu/wl83/liba/lib_ogg_vorbis_dec.a" />
<Add option="../../../../../cpu/wl83/liba/libcompressor.a" />
<Add option="../../../../../cpu/wl83/liba/lib_crossover_coff.a" />
<Add option="../../../../../cpu/wl83/liba/libdrc.a" />
<Add option="../../../../../cpu/wl83/liba/media_app.a" />
<Add option="../../../../../cpu/wl83/liba/wl_rf_common.a" />
<Add option="../../../../../cpu/wl83/liba/cJSON.a" />
<Add option="../../../../../cpu/wl83/liba/profile.a" />
<Add option="../../../../../cpu/wl83/liba/wpasupplicant.a" />
<Add option="../../../../../cpu/wl83/liba/libcrypto_mbedtls.a" />
<Add option="../../../../../cpu/wl83/liba/libmbedtls_3_4_0.a" />
<Add option="../../../../../cpu/wl83/liba/hsm.a" />
<Add option="../../../../../cpu/wl83/liba/http_cli.a" />
<Add option="../../../../../cpu/wl83/liba/https_cli.a" />
<Add option="../../../../../cpu/wl83/liba/network_download.a" />
<Add option="../../../../../cpu/wl83/liba/libmpeg.a" />
<Add option="../../../../../cpu/wl83/liba/libdlna.a" />
<Add option="../../../../../cpu/wl83/liba/json.a" />
<Add option="../../../../../cpu/wl83/liba/ai_server.a" />
<Add option="../../../../../cpu/wl83/liba/lwip_2_2_0.a" />
<Add option="../../../../../cpu/wl83/liba/wl_wifi_sta.a" />
<Add option="--end-group" />
<Add option="../../../../../include_lib/newlib/pi32v2-lib/libm.a" />
<Add option="../../../../../include_lib/newlib/pi32v2-lib/libc.a" />
<Add option="../../../../../include_lib/newlib/pi32v2-lib/libcompiler_rt.a" />
<Add option="--end-group " />
<Add option="-T../../../../../cpu/wl83/sdk.ld" />
<Add option="-M=../../../../../cpu/wl83/tools/sdk.map" />
</Linker>
<ExtraCommands>
<Add before="$compiler $options $includes -D__LD__ -E -P ..\..\..\..\..\cpu\wl83\sdk_used_list.c -o ..\..\..\..\..\cpu\wl83\sdk_used_list.used" />
<Add before="$compiler $options $includes -D__LD__ -E -P ..\..\..\..\..\apps\common\movable\section.c -o ..\..\..\..\..\apps\common\movable\section.txt" />
<Add before="$compiler $options $includes -D__LD__ -E -P ..\..\..\..\..\cpu\wl83\sdk_ld.c -o ..\..\..\..\..\cpu\wl83\sdk.ld" />
<Add before="$compiler $options $includes -D__LD__ -E -P ..\..\..\..\..\cpu\wl83\tools\download.c -o ..\..\..\..\..\cpu\wl83\tools\download.bat" />
<Add before="..\..\..\..\..\tools\utils\fixbat.exe ..\..\..\..\..\cpu\wl83\tools\download.bat" />
<Add before="$compiler $options $includes -D__LD__ -E -P ..\..\..\..\..\cpu\wl83\tools\isd_config_rule.c -o ..\..\..\..\..\cpu\wl83\tools\isd_config.ini" />
<Add before="$compiler $options $includes -D__LD__ -E -P ..\..\..\..\..\cpu\wl83\tools\isd_config_rule_loader.c -o ..\..\..\..\..\cpu\wl83\tools\isd_config_loader.ini" />
<Mode before="always" />
<Add after="..\..\..\..\..\cpu\wl83\tools\download.bat sdk" />
<Mode after="always" />
</ExtraCommands>
</Target>
</Build>
<Unit filename="../../../../../apps/common/asr/aisp/aisp.c"><Option compilerVer="CC"/></Unit>
<Unit filename="../../../../../apps/common/asr/jlkws/jlkws.c"><Option compilerVer="CC"/></Unit>
<Unit filename="../../../../../apps/common/asr/jlkws/jlsp_far_keyword.h" />
<Unit filename="../../../../../apps/common/audio_music/audio_config.c"><Option compilerVer="CC"/></Unit>
<Unit filename="../../../../../apps/common/audio_music/audio_eff_default_parm.c"><Option compilerVer="CC"/></Unit>
<Unit filename="../../../../../apps/common/audio_music/effects_adj.c"><Option compilerVer="CC"/></Unit>
<Unit filename="../../../../../apps/common/audio_music/eq_config_new.c"><Option compilerVer="CC"/></Unit>
<Unit filename="../../../../../apps/common/audio_music/music_decrypt.c"><Option compilerVer="CC"/></Unit>
<Unit filename="../../../../../apps/common/audio_music/pcm_play_api.c"><Option compilerVer="CC"/></Unit>
<Unit filename="../../../../../apps/common/audio_music/usb_audio_api.c"><Option compilerVer="CC"/></Unit>
<Unit filename="../../../../../apps/common/config/log_config/lib_driver_config.c"><Option compilerVer="CC"/></Unit>
<Unit filename="../../../../../apps/common/config/log_config/lib_power_config.c"><Option compilerVer="CC"/></Unit>
<Unit filename="../../../../../apps/common/config/log_config/lib_system_config.c"><Option compilerVer="CC"/></Unit>
<Unit filename="../../../../../apps/common/config/log_config/lib_update_config.c"><Option compilerVer="CC"/></Unit>
<Unit filename="../../../../../apps/common/config/new_cfg_tool.c"><Option compilerVer="CC"/></Unit>
<Unit filename="../../../../../apps/common/config/user_cfg.c"><Option compilerVer="CC"/></Unit>
<Unit filename="../../../../../apps/common/debug/debug.c"><Option compilerVer="CC"/></Unit>
<Unit filename="../../../../../apps/common/debug/debug_user.c"><Option compilerVer="CC"/></Unit>
<Unit filename="../../../../../apps/common/include/cfg_tool.h" />
<Unit filename="../../../../../apps/common/jl_math/_kiss_fft_guts.h" />
<Unit filename="../../../../../apps/common/jl_math/fftvec_math_drv.h" />
<Unit filename="../../../../../apps/common/jl_math/flfft_core_pi32v2.c"><Option compilerVer="CC"/></Unit>
<Unit filename="../../../../../apps/common/jl_math/jl_fft.c"><Option compilerVer="CC"/></Unit>
<Unit filename="../../../../../apps/common/jl_math/jl_math.c"><Option compilerVer="CC"/></Unit>
<Unit filename="../../../../../apps/common/jl_math/kiss_fft.h" />
<Unit filename="../../../../../apps/common/jl_math/kiss_fft_log.h" />
<Unit filename="../../../../../apps/common/jl_math/nn_function_vec.h" />
<Unit filename="../../../../../apps/common/key/adkey.c"><Option compilerVer="CC"/></Unit>
<Unit filename="../../../../../apps/common/key/adkey_rtcvdd.c"><Option compilerVer="CC"/></Unit>
<Unit filename="../../../../../apps/common/key/ctmu_touch_key.c"><Option compilerVer="CC"/></Unit>
<Unit filename="../../../../../apps/common/key/iokey.c"><Option compilerVer="CC"/></Unit>
<Unit filename="../../../../../apps/common/key/irkey.c"><Option compilerVer="CC"/></Unit>
<Unit filename="../../../../../apps/common/key/key_driver.c"><Option compilerVer="CC"/></Unit>
<Unit filename="../../../../../apps/common/key/matrix_keyboard.c"><Option compilerVer="CC"/></Unit>
<Unit filename="../../../../../apps/common/key/rdec_key.c"><Option compilerVer="CC"/></Unit>
<Unit filename="../../../../../apps/common/key/slidekey.c"><Option compilerVer="CC"/></Unit>
<Unit filename="../../../../../apps/common/key/tent600_key.c"><Option compilerVer="CC"/></Unit>
<Unit filename="../../../../../apps/common/key/touch_key.c"><Option compilerVer="CC"/></Unit>
<Unit filename="../../../../../apps/common/key/uart_key.c"><Option compilerVer="CC"/></Unit>
<Unit filename="../../../../../apps/common/net/assign_macaddr.c"><Option compilerVer="CC"/></Unit>
<Unit filename="../../../../../apps/common/net/assign_macaddr.h" />
<Unit filename="../../../../../apps/common/net/config_network.c"><Option compilerVer="CC"/></Unit>
<Unit filename="../../../../../apps/common/net/config_network.h" />
<Unit filename="../../../../../apps/common/net/iperf_test.c"><Option compilerVer="CC"/></Unit>
<Unit filename="../../../../../apps/common/net/platform_cfg.c"><Option compilerVer="CC"/></Unit>
<Unit filename="../../../../../apps/common/net/testbox/client.c"><Option compilerVer="CC"/></Unit>
<Unit filename="../../../../../apps/common/net/testbox/fsm.c"><Option compilerVer="CC"/></Unit>
<Unit filename="../../../../../apps/common/net/testbox/include/client.h" />
<Unit filename="../../../../../apps/common/net/testbox/include/fsm.h" />
<Unit filename="../../../../../apps/common/net/testbox/include/versions.h" />
<Unit filename="../../../../../apps/common/net/testbox/include/wbcp.h" />
<Unit filename="../../../../../apps/common/net/testbox/wbcp.c"><Option compilerVer="CC"/></Unit>
<Unit filename="../../../../../apps/common/net/voiceprint_cfg.c"><Option compilerVer="CC"/></Unit>
<Unit filename="../../../../../apps/common/net/voiceprint_cfg.h" />
<Unit filename="../../../../../apps/common/net/wifi_conf.c"><Option compilerVer="CC"/></Unit>
<Unit filename="../../../../../apps/common/system/device_mount.c"><Option compilerVer="CC"/></Unit>
<Unit filename="../../../../../apps/common/system/init.c"><Option compilerVer="CC"/></Unit>
<Unit filename="../../../../../apps/common/system/init_expand.c"><Option compilerVer="CC"/></Unit>
<Unit filename="../../../../../apps/common/system/perf_counter/example/main.c"><Option compilerVer="CC"/></Unit>
<Unit filename="../../../../../apps/common/system/perf_counter/perf_counter.c"><Option compilerVer="CC"/></Unit>
<Unit filename="../../../../../apps/common/system/perf_counter/perf_counter.h" />
<Unit filename="../../../../../apps/common/system/version.c"><Option compilerVer="CC"/></Unit>
<Unit filename="../../../../../apps/common/update/update.c"><Option compilerVer="CC"/></Unit>
<Unit filename="../../../../../apps/common/usb/device/cdc.c"><Option compilerVer="CC"/></Unit>
<Unit filename="../../../../../apps/common/usb/device/cdc.h" />
<Unit filename="../../../../../apps/common/usb/device/cdc_defs.h" />
<Unit filename="../../../../../apps/common/usb/device/cdc_rndis.h" />
<Unit filename="../../../../../apps/common/usb/device/custom_hid.c"><Option compilerVer="CC"/></Unit>
<Unit filename="../../../../../apps/common/usb/device/descriptor.c"><Option compilerVer="CC"/></Unit>
<Unit filename="../../../../../apps/common/usb/device/hid.c"><Option compilerVer="CC"/></Unit>
<Unit filename="../../../../../apps/common/usb/device/hid_keyboard.c"><Option compilerVer="CC"/></Unit>
<Unit filename="../../../../../apps/common/usb/device/hid_pos.c"><Option compilerVer="CC"/></Unit>
<Unit filename="../../../../../apps/common/usb/device/msd.c"><Option compilerVer="CC"/></Unit>
<Unit filename="../../../../../apps/common/usb/device/msd_cdrom.c"><Option compilerVer="CC"/></Unit>
<Unit filename="../../../../../apps/common/usb/device/msd_upgrade.c"><Option compilerVer="CC"/></Unit>
<Unit filename="../../../../../apps/common/usb/device/ndis.h" />
<Unit filename="../../../../../apps/common/usb/device/printer.c"><Option compilerVer="CC"/></Unit>
<Unit filename="../../../../../apps/common/usb/device/printer.h" />
<Unit filename="../../../../../apps/common/usb/device/ram_disk_circle.c"><Option compilerVer="CC"/></Unit>
<Unit filename="../../../../../apps/common/usb/device/ram_disk_update.c"><Option compilerVer="CC"/></Unit>
<Unit filename="../../../../../apps/common/usb/device/rndis_connectionless.c"><Option compilerVer="CC"/></Unit>
<Unit filename="../../../../../apps/common/usb/device/rndis_protocol.h" />
<Unit filename="../../../../../apps/common/usb/device/slave_uvc.h" />
<Unit filename="../../../../../apps/common/usb/device/task_pc.c"><Option compilerVer="CC"/></Unit>
<Unit filename="../../../../../apps/common/usb/device/uac.c"><Option compilerVer="CC"/></Unit>
<Unit filename="../../../../../apps/common/usb/device/uac1.c"><Option compilerVer="CC"/></Unit>
<Unit filename="../../../../../apps/common/usb/device/uac2.c"><Option compilerVer="CC"/></Unit>
<Unit filename="../../../../../apps/common/usb/device/uac_stream.c"><Option compilerVer="CC"/></Unit>
<Unit filename="../../../../../apps/common/usb/device/uac_stream.h" />
<Unit filename="../../../../../apps/common/usb/device/usb_device.c"><Option compilerVer="CC"/></Unit>
<Unit filename="../../../../../apps/common/usb/device/user_setup.c"><Option compilerVer="CC"/></Unit>
<Unit filename="../../../../../apps/common/usb/device/uvc.c"><Option compilerVer="CC"/></Unit>
<Unit filename="../../../../../apps/common/usb/host/adb.c"><Option compilerVer="CC"/></Unit>
<Unit filename="../../../../../apps/common/usb/host/adb.h" />
<Unit filename="../../../../../apps/common/usb/host/aoa.c"><Option compilerVer="CC"/></Unit>
<Unit filename="../../../../../apps/common/usb/host/aoa.h" />
<Unit filename="../../../../../apps/common/usb/host/audio.c"><Option compilerVer="CC"/></Unit>
<Unit filename="../../../../../apps/common/usb/host/audio.h" />
<Unit filename="../../../../../apps/common/usb/host/hid.c"><Option compilerVer="CC"/></Unit>
<Unit filename="../../../../../apps/common/usb/host/hid.h" />
<Unit filename="../../../../../apps/common/usb/host/hub.c"><Option compilerVer="CC"/></Unit>
<Unit filename="../../../../../apps/common/usb/host/hub.h" />
<Unit filename="../../../../../apps/common/usb/host/rndis_host_connectionless.c"><Option compilerVer="CC"/></Unit>
<Unit filename="../../../../../apps/common/usb/host/task_host_husb.c"><Option compilerVer="CC"/></Unit>
<Unit filename="../../../../../apps/common/usb/host/usb_bulk_transfer.c"><Option compilerVer="CC"/></Unit>
<Unit filename="../../../../../apps/common/usb/host/usb_bulk_transfer.h" />
<Unit filename="../../../../../apps/common/usb/host/usb_ctrl_transfer.c"><Option compilerVer="CC"/></Unit>
<Unit filename="../../../../../apps/common/usb/host/usb_ctrl_transfer.h" />
<Unit filename="../../../../../apps/common/usb/host/usb_hid_keys.h" />
<Unit filename="../../../../../apps/common/usb/host/usb_host.c"><Option compilerVer="CC"/></Unit>
<Unit filename="../../../../../apps/common/usb/host/usb_host_cdc.c"><Option compilerVer="CC"/></Unit>
<Unit filename="../../../../../apps/common/usb/host/usb_host_cdc.h" />
<Unit filename="../../../../../apps/common/usb/host/usb_storage.c"><Option compilerVer="CC"/></Unit>
<Unit filename="../../../../../apps/common/usb/host/usb_storage.h" />
<Unit filename="../../../../../apps/common/usb/host/usb_video.c"><Option compilerVer="CC"/></Unit>
<Unit filename="../../../../../apps/common/usb/host/usbnet.c"><Option compilerVer="CC"/></Unit>
<Unit filename="../../../../../apps/common/usb/host/usbnet.h" />
<Unit filename="../../../../../apps/common/usb/host/uvc_host.c"><Option compilerVer="CC"/></Unit>
<Unit filename="../../../../../apps/common/usb/include/host/host_uvc.h" />
<Unit filename="../../../../../apps/common/usb/include/host/uvc.h" />
<Unit filename="../../../../../apps/common/usb/usb_common_def.h" />
<Unit filename="../../../../../apps/common/usb/usb_config.c"><Option compilerVer="CC"/></Unit>
<Unit filename="../../../../../apps/common/usb/usb_config.h" />
<Unit filename="../../../../../apps/common/usb/usb_epbuf_manager.c"><Option compilerVer="CC"/></Unit>
<Unit filename="../../../../../apps/common/usb/usb_host_config.c"><Option compilerVer="CC"/></Unit>
<Unit filename="../../../../../apps/common/usb/usb_std_class_def.h" />
<Unit filename="../../../../../apps/demo/demo_audio/app_main.c"><Option compilerVer="CC"/></Unit>
<Unit filename="../../../../../apps/demo/demo_audio/board/wl83/board.c"><Option compilerVer="CC"/></Unit>
<Unit filename="../../../../../apps/demo/demo_audio/board/wl83/board_config.h" />
<Unit filename="../../../../../apps/demo/demo_audio/board/wl83/board_demo.h" />
<Unit filename="../../../../../apps/demo/demo_audio/board/wl83/chip_cfg.h" />
<Unit filename="../../../../../apps/demo/demo_audio/demo/ai_speaker.c"><Option compilerVer="CC"/></Unit>
<Unit filename="../../../../../apps/demo/demo_audio/demo/local_music.c"><Option compilerVer="CC"/></Unit>
<Unit filename="../../../../../apps/demo/demo_audio/demo/mode.c"><Option compilerVer="CC"/></Unit>
<Unit filename="../../../../../apps/demo/demo_audio/demo/net_music.c"><Option compilerVer="CC"/></Unit>
<Unit filename="../../../../../apps/demo/demo_audio/demo/recorder.c"><Option compilerVer="CC"/></Unit>
<Unit filename="../../../../../apps/demo/demo_audio/include/app_config.h" />
<Unit filename="../../../../../apps/demo/demo_audio/include/storage_device.h" />
<Unit filename="../../../../../apps/demo/demo_audio/wifi_app_task.c"><Option compilerVer="CC"/></Unit>
<Unit filename="../../../../../cpu/wl83/adc_api.c"><Option compilerVer="CC"/></Unit>
<Unit filename="../../../../../cpu/wl83/debug.c"><Option compilerVer="CC"/></Unit>
<Unit filename="../../../../../cpu/wl83/setup.c"><Option compilerVer="CC"/></Unit>
<Unit filename="../../../../../include_lib/btctrler/ble/hci_ll.h" />
<Unit filename="../../../../../include_lib/btctrler/btcontroller_mode.h" />
<Unit filename="../../../../../include_lib/btctrler/btcontroller_modules.h" />
<Unit filename="../../../../../include_lib/btctrler/classic/hci_lmp.h" />
<Unit filename="../../../../../include_lib/btctrler/hci_transport.h" />
<Unit filename="../../../../../include_lib/btstack/avctp_user.h" />
<Unit filename="../../../../../include_lib/btstack/btstack_typedef.h" />
<Unit filename="../../../../../include_lib/c++/include/errno.h" />
<Unit filename="../../../../../include_lib/c++/include/inttypes.h" />
<Unit filename="../../../../../include_lib/c++/include/limits.h" />
<Unit filename="../../../../../include_lib/c++/include/math.h" />
<Unit filename="../../../../../include_lib/c++/include/stdbool.h" />
<Unit filename="../../../../../include_lib/c++/include/stddef.h" />
<Unit filename="../../../../../include_lib/c++/include/stdint.h" />
<Unit filename="../../../../../include_lib/c++/include/stdio.h" />
<Unit filename="../../../../../include_lib/c++/include/stdlib.h" />
<Unit filename="../../../../../include_lib/c++/include/string.h" />
<Unit filename="../../../../../include_lib/driver/cpu/wl83/asm/WL83.h" />
<Unit filename="../../../../../include_lib/driver/cpu/wl83/asm/adc_api.h" />
<Unit filename="../../../../../include_lib/driver/cpu/wl83/asm/alnk.h" />
<Unit filename="../../../../../include_lib/driver/cpu/wl83/asm/audio.h" />
<Unit filename="../../../../../include_lib/driver/cpu/wl83/asm/cache.h" />
<Unit filename="../../../../../include_lib/driver/cpu/wl83/asm/can.h" />
<Unit filename="../../../../../include_lib/driver/cpu/wl83/asm/clock.h" />
<Unit filename="../../../../../include_lib/driver/cpu/wl83/asm/cpu.h" />
<Unit filename="../../../../../include_lib/driver/cpu/wl83/asm/crc16.h" />
<Unit filename="../../../../../include_lib/driver/cpu/wl83/asm/csfr.h" />
<Unit filename="../../../../../include_lib/driver/cpu/wl83/asm/dac.h" />
<Unit filename="../../../../../include_lib/driver/cpu/wl83/asm/dcache.h" />
<Unit filename="../../../../../include_lib/driver/cpu/wl83/asm/debug.h" />
<Unit filename="../../../../../include_lib/driver/cpu/wl83/asm/device_drive.h" />
<Unit filename="../../../../../include_lib/driver/cpu/wl83/asm/dma.h" />
<Unit filename="../../../../../include_lib/driver/cpu/wl83/asm/dpi.h" />
<Unit filename="../../../../../include_lib/driver/cpu/wl83/asm/efuse.h" />
<Unit filename="../../../../../include_lib/driver/cpu/wl83/asm/eq.h" />
<Unit filename="../../../../../include_lib/driver/cpu/wl83/asm/eva_sfr.h" />
<Unit filename="../../../../../include_lib/driver/cpu/wl83/asm/gpcnt.h" />
<Unit filename="../../../../../include_lib/driver/cpu/wl83/asm/gpio.h" />
<Unit filename="../../../../../include_lib/driver/cpu/wl83/asm/husb_sfr.h" />
<Unit filename="../../../../../include_lib/driver/cpu/wl83/asm/hwi.h" />
<Unit filename="../../../../../include_lib/driver/cpu/wl83/asm/icache.h" />
<Unit filename="../../../../../include_lib/driver/cpu/wl83/asm/iic.h" />
<Unit filename="../../../../../include_lib/driver/cpu/wl83/asm/imc.h" />
<Unit filename="../../../../../include_lib/driver/cpu/wl83/asm/imc_driver.h" />
<Unit filename="../../../../../include_lib/driver/cpu/wl83/asm/includes.h" />
<Unit filename="../../../../../include_lib/driver/cpu/wl83/asm/io_imap.h" />
<Unit filename="../../../../../include_lib/driver/cpu/wl83/asm/io_omap.h" />
<Unit filename="../../../../../include_lib/driver/cpu/wl83/asm/irflt.h" />
<Unit filename="../../../../../include_lib/driver/cpu/wl83/asm/irq.h" />
<Unit filename="../../../../../include_lib/driver/cpu/wl83/asm/isp_dev.h" />
<Unit filename="../../../../../include_lib/driver/cpu/wl83/asm/ladc.h" />
<Unit filename="../../../../../include_lib/driver/cpu/wl83/asm/lcd_common.h" />
<Unit filename="../../../../../include_lib/driver/cpu/wl83/asm/ledc.h" />
<Unit filename="../../../../../include_lib/driver/cpu/wl83/asm/mipi_sfr.h" />
<Unit filename="../../../../../include_lib/driver/cpu/wl83/asm/pap.h" />
<Unit filename="../../../../../include_lib/driver/cpu/wl83/asm/plcnt.h" />
<Unit filename="../../../../../include_lib/driver/cpu/wl83/asm/plnk.h" />
<Unit filename="../../../../../include_lib/driver/cpu/wl83/asm/power/p33/p33_access.h" />
<Unit filename="../../../../../include_lib/driver/cpu/wl83/asm/power/p33/p33_api.h" />
<Unit filename="../../../../../include_lib/driver/cpu/wl83/asm/power/p33/p33_sfr.h" />
<Unit filename="../../../../../include_lib/driver/cpu/wl83/asm/power/p33/vdd/avdd_config.h" />
<Unit filename="../../../../../include_lib/driver/cpu/wl83/asm/power/pmu_flag.h" />
<Unit filename="../../../../../include_lib/driver/cpu/wl83/asm/power/power_api.h" />
<Unit filename="../../../../../include_lib/driver/cpu/wl83/asm/power/power_app.h" />
<Unit filename="../../../../../include_lib/driver/cpu/wl83/asm/power/power_manage.h" />
<Unit filename="../../../../../include_lib/driver/cpu/wl83/asm/power/power_port.h" />
<Unit filename="../../../../../include_lib/driver/cpu/wl83/asm/power/power_reset.h" />
<Unit filename="../../../../../include_lib/driver/cpu/wl83/asm/power/power_trim.h" />
<Unit filename="../../../../../include_lib/driver/cpu/wl83/asm/power/power_wakeup.h" />
<Unit filename="../../../../../include_lib/driver/cpu/wl83/asm/power_interface.h" />
<Unit filename="../../../../../include_lib/driver/cpu/wl83/asm/pwm.h" />
<Unit filename="../../../../../include_lib/driver/cpu/wl83/asm/rdec.h" />
<Unit filename="../../../../../include_lib/driver/cpu/wl83/asm/rtc.h" />
<Unit filename="../../../../../include_lib/driver/cpu/wl83/asm/sdmmc.h" />
<Unit filename="../../../../../include_lib/driver/cpu/wl83/asm/sfc_norflash_api.h" />
<Unit filename="../../../../../include_lib/driver/cpu/wl83/asm/spi.h" />
<Unit filename="../../../../../include_lib/driver/cpu/wl83/asm/src.h" />
<Unit filename="../../../../../include_lib/driver/cpu/wl83/asm/uart.h" />
<Unit filename="../../../../../include_lib/driver/cpu/wl83/asm/usb.h" />
<Unit filename="../../../../../include_lib/driver/cpu/wl83/asm/uvc_device.h" />
<Unit filename="../../../../../include_lib/driver/cpu/wl83/asm/wdt.h" />
<Unit filename="../../../../../include_lib/driver/cpu/wl83/asm/wl83_nvdla.h" />
<Unit filename="../../../../../include_lib/driver/device/device.h" />
<Unit filename="../../../../../include_lib/driver/device/device_drive.h" />
<Unit filename="../../../../../include_lib/driver/device/gpio.h" />
<Unit filename="../../../../../include_lib/driver/device/includes.h" />
<Unit filename="../../../../../include_lib/driver/device/ioctl_cmds.h" />
<Unit filename="../../../../../include_lib/driver/device/key/adkey.h" />
<Unit filename="../../../../../include_lib/driver/device/key/ctmu_key.h" />
<Unit filename="../../../../../include_lib/driver/device/key/iokey.h" />
<Unit filename="../../../../../include_lib/driver/device/key/irkey.h" />
<Unit filename="../../../../../include_lib/driver/device/key/key_driver.h" />
<Unit filename="../../../../../include_lib/driver/device/key/rdec_key.h" />
<Unit filename="../../../../../include_lib/driver/device/key/slidekey.h" />
<Unit filename="../../../../../include_lib/driver/device/key/tent600_key.h" />
<Unit filename="../../../../../include_lib/driver/device/key/touch_key.h" />
<Unit filename="../../../../../include_lib/driver/device/sdio/sdmmc.h" />
<Unit filename="../../../../../include_lib/driver/device/uart.h" />
<Unit filename="../../../../../include_lib/driver/device/usb/ch11.h" />
<Unit filename="../../../../../include_lib/driver/device/usb/ch9.h" />
<Unit filename="../../../../../include_lib/driver/device/usb/device/custom_hid.h" />
<Unit filename="../../../../../include_lib/driver/device/usb/device/descriptor.h" />
<Unit filename="../../../../../include_lib/driver/device/usb/device/hid.h" />
<Unit filename="../../../../../include_lib/driver/device/usb/device/msd.h" />
<Unit filename="../../../../../include_lib/driver/device/usb/device/uac_audio.h" />
<Unit filename="../../../../../include_lib/driver/device/usb/device/uac_audio_v2.h" />
<Unit filename="../../../../../include_lib/driver/device/usb/device/usb_stack.h" />
<Unit filename="../../../../../include_lib/driver/device/usb/host/usb_host.h" />
<Unit filename="../../../../../include_lib/driver/device/usb/otg.h" />
<Unit filename="../../../../../include_lib/driver/device/usb/scsi.h" />
<Unit filename="../../../../../include_lib/driver/device/usb/usb_phy.h" />
<Unit filename="../../../../../include_lib/driver/device/video/camera.h" />
<Unit filename="../../../../../include_lib/driver/device/video/fb.h" />
<Unit filename="../../../../../include_lib/driver/device/video/isp.h" />
<Unit filename="../../../../../include_lib/driver/device/video/usb_cam_dev.h" />
<Unit filename="../../../../../include_lib/driver/device/video/video.h" />
<Unit filename="../../../../../include_lib/driver/device/video/video_ioctl.h" />
<Unit filename="../../../../../include_lib/driver/device/video/videobuf.h" />
<Unit filename="../../../../../include_lib/driver/version.z.S" />
<Unit filename="../../../../../include_lib/net/http/http_cli.h" />
<Unit filename="../../../../../include_lib/net/json_c/arraylist.h" />
<Unit filename="../../../../../include_lib/net/json_c/json.h" />
<Unit filename="../../../../../include_lib/net/json_c/json_c_version.h" />
<Unit filename="../../../../../include_lib/net/json_c/json_config.h" />
<Unit filename="../../../../../include_lib/net/json_c/json_debug.h" />
<Unit filename="../../../../../include_lib/net/json_c/json_inttypes.h" />
<Unit filename="../../../../../include_lib/net/json_c/json_object.h" />
<Unit filename="../../../../../include_lib/net/json_c/json_object_iterator.h" />
<Unit filename="../../../../../include_lib/net/json_c/json_pointer.h" />
<Unit filename="../../../../../include_lib/net/json_c/json_tokener.h" />
<Unit filename="../../../../../include_lib/net/json_c/json_util.h" />
<Unit filename="../../../../../include_lib/net/json_c/linkhash.h" />
<Unit filename="../../../../../include_lib/net/json_c/printbuf.h" />
<Unit filename="../../../../../include_lib/net/lwip_2_2_0/lwip/port/arch/cc.h" />
<Unit filename="../../../../../include_lib/net/lwip_2_2_0/lwip/port/arch/cpu.h" />
<Unit filename="../../../../../include_lib/net/lwip_2_2_0/lwip/port/lwip.h" />
<Unit filename="../../../../../include_lib/net/lwip_2_2_0/lwip/port/lwipopts.h" />
<Unit filename="../../../../../include_lib/net/lwip_2_2_0/lwip/src/include/lwip/arch.h" />
<Unit filename="../../../../../include_lib/net/lwip_2_2_0/lwip/src/include/lwip/debug.h" />
<Unit filename="../../../../../include_lib/net/lwip_2_2_0/lwip/src/include/lwip/def.h" />
<Unit filename="../../../../../include_lib/net/lwip_2_2_0/lwip/src/include/lwip/err.h" />
<Unit filename="../../../../../include_lib/net/lwip_2_2_0/lwip/src/include/lwip/errno.h" />
<Unit filename="../../../../../include_lib/net/lwip_2_2_0/lwip/src/include/lwip/inet.h" />
<Unit filename="../../../../../include_lib/net/lwip_2_2_0/lwip/src/include/lwip/ip4_addr.h" />
<Unit filename="../../../../../include_lib/net/lwip_2_2_0/lwip/src/include/lwip/ip6_addr.h" />
<Unit filename="../../../../../include_lib/net/lwip_2_2_0/lwip/src/include/lwip/ip_addr.h" />
<Unit filename="../../../../../include_lib/net/lwip_2_2_0/lwip/src/include/lwip/mem.h" />
<Unit filename="../../../../../include_lib/net/lwip_2_2_0/lwip/src/include/lwip/memp.h" />
<Unit filename="../../../../../include_lib/net/lwip_2_2_0/lwip/src/include/lwip/netdb.h" />
<Unit filename="../../../../../include_lib/net/lwip_2_2_0/lwip/src/include/lwip/netif.h" />
<Unit filename="../../../../../include_lib/net/lwip_2_2_0/lwip/src/include/lwip/opt.h" />
<Unit filename="../../../../../include_lib/net/lwip_2_2_0/lwip/src/include/lwip/pbuf.h" />
<Unit filename="../../../../../include_lib/net/lwip_2_2_0/lwip/src/include/lwip/priv/mem_priv.h" />
<Unit filename="../../../../../include_lib/net/lwip_2_2_0/lwip/src/include/lwip/priv/memp_priv.h" />
<Unit filename="../../../../../include_lib/net/lwip_2_2_0/lwip/src/include/lwip/priv/memp_std.h" />
<Unit filename="../../../../../include_lib/net/lwip_2_2_0/lwip/src/include/lwip/prot/ethernet.h" />
<Unit filename="../../../../../include_lib/net/lwip_2_2_0/lwip/src/include/lwip/prot/ieee.h" />
<Unit filename="../../../../../include_lib/net/lwip_2_2_0/lwip/src/include/lwip/sockets.h" />
<Unit filename="../../../../../include_lib/net/lwip_2_2_0/lwip/src/include/lwip/stats.h" />
<Unit filename="../../../../../include_lib/net/network_download/net_audio_buf.h" />
<Unit filename="../../../../../include_lib/net/network_download/net_download.h" />
<Unit filename="../../../../../include_lib/net/server/net_server.h" />
<Unit filename="../../../../../include_lib/net/version.z.S" />
<Unit filename="../../../../../include_lib/net/wifi/wifi_connect.h" />
<Unit filename="../../../../../include_lib/newlib/include/assert.h" />
<Unit filename="../../../../../include_lib/newlib/include/machine/time.h" />
<Unit filename="../../../../../include_lib/newlib/include/machine/types.h" />
<Unit filename="../../../../../include_lib/newlib/include/strings.h" />
<Unit filename="../../../../../include_lib/newlib/include/sys/_stdint.h" />
<Unit filename="../../../../../include_lib/newlib/include/sys/_timespec.h" />
<Unit filename="../../../../../include_lib/newlib/include/sys/_timeval.h" />
<Unit filename="../../../../../include_lib/newlib/include/sys/time.h" />
<Unit filename="../../../../../include_lib/newlib/include/sys/timespec.h" />
<Unit filename="../../../../../include_lib/newlib/include/sys/types.h" />
<Unit filename="../../../../../include_lib/newlib/include/sys/unistd.h" />
<Unit filename="../../../../../include_lib/newlib/include/time.h" />
<Unit filename="../../../../../include_lib/newlib/include/unistd.h" />
<Unit filename="../../../../../include_lib/server/ai_server.h" />
<Unit filename="../../../../../include_lib/server/audio_dev.h" />
<Unit filename="../../../../../include_lib/server/audio_server.h" />
<Unit filename="../../../../../include_lib/server/media/audio_eff_default_parm.h" />
<Unit filename="../../../../../include_lib/server/media/drc/audio_drc.h" />
<Unit filename="../../../../../include_lib/server/media/drc/drc_api.h" />
<Unit filename="../../../../../include_lib/server/media/drc/sw_drc.h" />
<Unit filename="../../../../../include_lib/server/media/effects_adj.h" />
<Unit filename="../../../../../include_lib/server/media/eq/DynamicEQ_Detection_api.h" />
<Unit filename="../../../../../include_lib/server/media/eq/DynamicEQ_api.h" />
<Unit filename="../../../../../include_lib/server/media/eq/audio_eq.h" />
<Unit filename="../../../../../include_lib/server/media/eq/eq_config.h" />
<Unit filename="../../../../../include_lib/server/media/eq/eq_func_define.h" />
<Unit filename="../../../../../include_lib/server/media/spectrum/SpectrumShow_api.h" />
<Unit filename="../../../../../include_lib/server/usb_syn_api.h" />
<Unit filename="../../../../../include_lib/server/version.z.S" />
<Unit filename="../../../../../include_lib/system/app_core.h" />
<Unit filename="../../../../../include_lib/system/bank_switch.h" />
<Unit filename="../../../../../include_lib/system/boot.h" />
<Unit filename="../../../../../include_lib/system/database.h" />
<Unit filename="../../../../../include_lib/system/debug.h" />
<Unit filename="../../../../../include_lib/system/generic/ascii.h" />
<Unit filename="../../../../../include_lib/system/generic/atomic.h" />
<Unit filename="../../../../../include_lib/system/generic/circular_buf.h" />
<Unit filename="../../../../../include_lib/system/generic/cpu.h" />
<Unit filename="../../../../../include_lib/system/generic/debug_lite.h" />
<Unit filename="../../../../../include_lib/system/generic/errno-base.h" />
<Unit filename="../../../../../include_lib/system/generic/includes.h" />
<Unit filename="../../../../../include_lib/system/generic/ioctl.h" />
<Unit filename="../../../../../include_lib/system/generic/irq.h" />
<Unit filename="../../../../../include_lib/system/generic/jiffies.h" />
<Unit filename="../../../../../include_lib/system/generic/lbuf.h" />
<Unit filename="../../../../../include_lib/system/generic/lbuf_lite.h" />
<Unit filename="../../../../../include_lib/system/generic/list.h" />
<Unit filename="../../../../../include_lib/system/generic/log.h" />
<Unit filename="../../../../../include_lib/system/generic/printf.h" />
<Unit filename="../../../../../include_lib/system/generic/typedef.h" />
<Unit filename="../../../../../include_lib/system/generic/version.h" />
<Unit filename="../../../../../include_lib/system/includes.h" />
<Unit filename="../../../../../include_lib/system/init.h" />
<Unit filename="../../../../../include_lib/system/malloc.h" />
<Unit filename="../../../../../include_lib/system/os/os_api.h" />
<Unit filename="../../../../../include_lib/system/os/os_cfg.h" />
<Unit filename="../../../../../include_lib/system/os/os_cpu.h" />
<Unit filename="../../../../../include_lib/system/os/os_error.h" />
<Unit filename="../../../../../include_lib/system/os/os_type.h" />
<Unit filename="../../../../../include_lib/system/os/ucos_ii.h" />
<Unit filename="../../../../../include_lib/system/server/server_core.h" />
<Unit filename="../../../../../include_lib/system/spinlock.h" />
<Unit filename="../../../../../include_lib/system/sys_time.h" />
<Unit filename="../../../../../include_lib/system/task.h" />
<Unit filename="../../../../../include_lib/system/timer.h" />
<Unit filename="../../../../../include_lib/system/version.z.S" />
<Unit filename="../../../../../include_lib/system/wait.h" />
<Unit filename="../../../../../include_lib/update/error_code.h" />
<Unit filename="../../../../../include_lib/update/ota_impl.h" />
<Unit filename="../../../../../include_lib/update/sd_upgrade_impl.h" />
<Unit filename="../../../../../include_lib/update/uart_update.h" />
<Unit filename="../../../../../include_lib/update/update.h" />
<Unit filename="../../../../../include_lib/update/update_loader_download.h" />
<Unit filename="../../../../../include_lib/update/version.z.S" />
<Unit filename="../../../../../include_lib/utils/crypto_toolbox/endian.h" />
<Unit filename="../../../../../include_lib/utils/event/device_event.h" />
<Unit filename="../../../../../include_lib/utils/event/event.h" />
<Unit filename="../../../../../include_lib/utils/event/key_event.h" />
<Unit filename="../../../../../include_lib/utils/event/net_event.h" />
<Unit filename="../../../../../include_lib/utils/fs/fs.h" />
<Unit filename="../../../../../include_lib/utils/fs/fs_file_name.h" />
<Unit filename="../../../../../include_lib/utils/fs/sdfile.h" />
<Unit filename="../../../../../include_lib/utils/syscfg/syscfg_id.h" />
<Unit filename="../../../../../include_lib/utils/version.z.S" />
<Unit filename="../../../../../lib/net/version.z.S" />
<Unit filename="../../../../../lib/server/version.z.S" />
<Unit filename="../../../../../lib/utils/version.z.S" />
</Project>
</CodeBlocks_project_file>
